<?xml version="1.0" encoding="utf-8"?>
<Project ToolsVersion="4.0" xmlns="http://schemas.microsoft.com/developer/msbuild/2003">
  <ItemGroup>
    <Filter Include="Source Files">
      <UniqueIdentifier>{4FC737F1-C7A5-4376-A066-2A32D752A2FF}</UniqueIdentifier>
      <Extensions>cpp;c;cc;cxx;c++;cppm;ixx;def;odl;idl;hpj;bat;asm;asmx</Extensions>
    </Filter>
    <Filter Include="Header Files">
      <UniqueIdentifier>{93995380-89BD-4b04-88EB-625FBE52EBFB}</UniqueIdentifier>
      <Extensions>h;hh;hpp;hxx;h++;hm;inl;inc;ipp;xsd</Extensions>
    </Filter>
    <Filter Include="Resource Files">
      <UniqueIdentifier>{67DA6AB6-F800-4c08-8B7A-83BB121AAD01}</UniqueIdentifier>
      <Extensions>rc;ico;cur;bmp;dlg;rc2;rct;bin;rgs;gif;jpg;jpeg;jpe;resx;tiff;tif;png;wav;mfcribbon-ms</Extensions>
    </Filter>
    <Filter Include="Broder">
      <UniqueIdentifier>{bbb9b1c6-fcb8-4456-a5c5-09623d5c40fc}</UniqueIdentifier>
    </Filter>
    <Filter Include="shaders">
      <UniqueIdentifier>{9d418a28-caf1-4ae7-94de-1356b17b537c}</UniqueIdentifier>
    </Filter>
  </ItemGroup>
  <ItemGroup>
    <ClCompile Include="Trido.cpp">
      <Filter>Source Files</Filter>
    </ClCompile>
    <ClCompile Include="Logger.cpp">
      <Filter>Broder</Filter>
    </ClCompile>
    <ClCompile Include="IO.cpp">
      <Filter>Broder</Filter>
    </ClCompile>
    <ClCompile Include="CmdManager.cpp">
      <Filter>Broder</Filter>
    </ClCompile>
    <ClCompile Include="Core.cpp">
      <Filter>Broder</Filter>
    </ClCompile>
    <ClCompile Include="UI.cpp">
      <Filter>Broder</Filter>
    </ClCompile>
    <ClCompile Include="StateManager.cpp">
      <Filter>Broder</Filter>
    </ClCompile>
    <ClCompile Include="EventManager.cpp">
      <Filter>Broder</Filter>
    </ClCompile>
    <ClCompile Include="Resources.cpp">
      <Filter>Broder</Filter>
    </ClCompile>
  </ItemGroup>
  <ItemGroup>
    <ClInclude Include="IO.h">
      <Filter>Broder</Filter>
    </ClInclude>
    <ClInclude Include="Logger.h">
      <Filter>Broder</Filter>
    </ClInclude>
    <ClInclude Include="CmdManager.h">
      <Filter>Broder</Filter>
    </ClInclude>
    <ClInclude Include="Core.h">
      <Filter>Broder</Filter>
    </ClInclude>
    <ClInclude Include="UI.h">
      <Filter>Broder</Filter>
    </ClInclude>
    <ClInclude Include="StateManager.h">
      <Filter>Broder</Filter>
    </ClInclude>
    <ClInclude Include="EventManager.h">
      <Filter>Broder</Filter>
    </ClInclude>
    <ClInclude Include="Resources.h">
      <Filter>Broder</Filter>
    </ClInclude>
  </ItemGroup>
  <ItemGroup>
    <None Include="frag1.glsl">
      <Filter>shaders</Filter>
    </None>
    <None Include="vert1.glsl">
      <Filter>shaders</Filter>
    </None>
  </ItemGroup>
</Project>